
Microsoft Visual Studio Solution File, Format Version 12.00
# Visual Studio 15
VisualStudioVersion = 15.0.27130.2027
MinimumVisualStudioVersion = 10.0.40219.1
Project("{FAE04EC0-301F-11D3-BF4B-00C04F79EFBC}") = "gravitySensorReader", "gravitySensorReader\gravitySensorReader.csproj", "{7192FAF9-040B-4AA6-BB15-A086FD136191}"
EndProject
Global
	GlobalSection(SolutionConfigurationPlatforms) = preSolution
		Debug|Any CPU = Debug|Any CPU
		Release|Any CPU = Release|Any CPU
	EndGlobalSection
	GlobalSection(ProjectConfigurationPlatforms) = postSolution
		{7192FAF9-040B-4AA6-BB15-A086FD136191}.Debug|Any CPU.ActiveCfg = Debug|Any CPU
		{7192FAF9-040B-4AA6-BB15-A086FD136191}.Debug|Any CPU.Build.0 = Debug|Any CPU
		{7192FAF9-040B-4AA6-BB15-A086FD136191}.Release|Any CPU.ActiveCfg = Release|Any CPU
		{7192FAF9-040B-4AA6-BB15-A086FD136191}.Release|Any CPU.Build.0 = Release|Any CPU
	EndGlobalSection
	GlobalSection(SolutionProperties) = preSolution
		HideSolutionNode = FALSE
	EndGlobalSection
	GlobalSection(ExtensibilityGlobals) = postSolution
		SolutionGuid = {4EF2D453-6B0E-4F97-9D37-A91AAD5A1CDA}
	EndGlobalSection
EndGlobal
